
# cargo-vet imports lock

[[audits.embark-studios.audits.similar]]
who = "Johan Andersson <opensource@embark-studios.com>"
criteria = "safe-to-deploy"
version = "2.2.1"
notes = "No unsafe usage or ambient capabilities"

[[audits.embark-studios.audits.utf8parse]]
who = "Johan Andersson <opensource@embark-studios.com>"
criteria = "safe-to-deploy"
version = "0.2.1"
notes = "Single unsafe usage that looks sound, no ambient capabilities"

[[audits.mozilla.audits.similar]]
who = "Nika Layzell <nika@thelayzells.com>"
criteria = "safe-to-deploy"
delta = "2.2.1 -> 2.7.0"

[[audits.mozilla.audits.utf8parse]]
who = "Nika Layzell <nika@thelayzells.com>"
criteria = "safe-to-deploy"
delta = "0.2.1 -> 0.2.2"
